// !$*UTF8*$!
{
	archiveVersion = 1;
	classes = {
	};
	objectVersion = 55;
	objects = {

/* Begin PBXBuildFile section */
		726DA7BB2730487700D60F7E /* AppDelegate.swift in Sources */ = {isa = PBXBuildFile; fileRef = 726DA7BA2730487700D60F7E /* AppDelegate.swift */; };
		726DA7BD2730487700D60F7E /* SceneDelegate.swift in Sources */ = {isa = PBXBuildFile; fileRef = 726DA7BC2730487700D60F7E /* SceneDelegate.swift */; };
		726DA7BF2730487700D60F7E /* ViewController.swift in Sources */ = {isa = PBXBuildFile; fileRef = 726DA7BE2730487700D60F7E /* ViewController.swift */; };
		726DA7C22730487700D60F7E /* Main.storyboard in Resources */ = {isa = PBXBuildFile; fileRef = 726DA7C02730487700D60F7E /* Main.storyboard */; };
		726DA7C42730487900D60F7E /* Assets.xcassets in Resources */ = {isa = PBXBuildFile; fileRef = 726DA7C32730487900D60F7E /* Assets.xcassets */; };
		726DA7C72730487900D60F7E /* LaunchScreen.storyboard in Resources */ = {isa = PBXBuildFile; fileRef = 726DA7C52730487900D60F7E /* LaunchScreen.storyboard */; };
		726DA8272730E9A900D60F7E /* DB.swift in Sources */ = {isa = PBXBuildFile; fileRef = 726DA8262730E9A900D60F7E /* DB.swift */; };
		726DA8292730EA3400D60F7E /* EmptyProfileViewController.swift in Sources */ = {isa = PBXBuildFile; fileRef = 726DA8282730EA3400D60F7E /* EmptyProfileViewController.swift */; };
		726DA82B2730EC0400D60F7E /* PairsViewController.swift in Sources */ = {isa = PBXBuildFile; fileRef = 726DA82A2730EC0400D60F7E /* PairsViewController.swift */; };
		726DA82D2730FD2100D60F7E /* db.db in Resources */ = {isa = PBXBuildFile; fileRef = 726DA82C2730FD2100D60F7E /* db.db */; };
		726DA82F2730FD5C00D60F7E /* TopicsViewController.swift in Sources */ = {isa = PBXBuildFile; fileRef = 726DA82E2730FD5C00D60F7E /* TopicsViewController.swift */; };
/* End PBXBuildFile section */

/* Begin PBXFileReference section */
		726DA7B72730487700D60F7E /* Sqlite.app */ = {isa = PBXFileReference; explicitFileType = wrapper.application; includeInIndex = 0; path = Sqlite.app; sourceTree = BUILT_PRODUCTS_DIR; };
		726DA7BA2730487700D60F7E /* AppDelegate.swift */ = {isa = PBXFileReference; lastKnownFileType = sourcecode.swift; path = AppDelegate.swift; sourceTree = "<group>"; };
		726DA7BC2730487700D60F7E /* SceneDelegate.swift */ = {isa = PBXFileReference; lastKnownFileType = sourcecode.swift; path = SceneDelegate.swift; sourceTree = "<group>"; };
		726DA7BE2730487700D60F7E /* ViewController.swift */ = {isa = PBXFileReference; lastKnownFileType = sourcecode.swift; path = ViewController.swift; sourceTree = "<group>"; };
		726DA7C12730487700D60F7E /* Base */ = {isa = PBXFileReference; lastKnownFileType = file.storyboard; name = Base; path = Base.lproj/Main.storyboard; sourceTree = "<group>"; };
		726DA7C32730487900D60F7E /* Assets.xcassets */ = {isa = PBXFileReference; lastKnownFileType = folder.assetcatalog; path = Assets.xcassets; sourceTree = "<group>"; };
		726DA7C62730487900D60F7E /* Base */ = {isa = PBXFileReference; lastKnownFileType = file.storyboard; name = Base; path = Base.lproj/LaunchScreen.storyboard; sourceTree = "<group>"; };
		726DA7C82730487900D60F7E /* Info.plist */ = {isa = PBXFileReference; lastKnownFileType = text.plist.xml; path = Info.plist; sourceTree = "<group>"; };
		726DA8262730E9A900D60F7E /* DB.swift */ = {isa = PBXFileReference; lastKnownFileType = sourcecode.swift; path = DB.swift; sourceTree = "<group>"; };
		726DA8282730EA3400D60F7E /* EmptyProfileViewController.swift */ = {isa = PBXFileReference; lastKnownFileType = sourcecode.swift; path = EmptyProfileViewController.swift; sourceTree = "<group>"; };
		726DA82A2730EC0400D60F7E /* PairsViewController.swift */ = {isa = PBXFileReference; lastKnownFileType = sourcecode.swift; path = PairsViewController.swift; sourceTree = "<group>"; };
		726DA82C2730FD2100D60F7E /* db.db */ = {isa = PBXFileReference; lastKnownFileType = file; path = db.db; sourceTree = "<group>"; };
		726DA82E2730FD5C00D60F7E /* TopicsViewController.swift */ = {isa = PBXFileReference; lastKnownFileType = sourcecode.swift; path = TopicsViewController.swift; sourceTree = "<group>"; };
/* End PBXFileReference section */

/* Begin PBXFrameworksBuildPhase section */
		726DA7B42730487700D60F7E /* Frameworks */ = {
			isa = PBXFrameworksBuildPhase;
			buildActionMask = 2147483647;
			files = (
			);
			runOnlyForDeploymentPostprocessing = 0;
		};
/* End PBXFrameworksBuildPhase section */

/* Begin PBXGroup section */
		726DA7AE2730487700D60F7E = {
			isa = PBXGroup;
			children = (
				726DA7B92730487700D60F7E /* Sqlite */,
				726DA7B82730487700D60F7E /* Products */,
			);
			sourceTree = "<group>";
		};
		726DA7B82730487700D60F7E /* Products */ = {
			isa = PBXGroup;
			children = (
				726DA7B72730487700D60F7E /* Sqlite.app */,
			);
			name = Products;
			sourceTree = "<group>";
		};
		726DA7B92730487700D60F7E /* Sqlite */ = {
			isa = PBXGroup;
			children = (
				726DA7BA2730487700D60F7E /* AppDelegate.swift */,
				726DA7BC2730487700D60F7E /* SceneDelegate.swift */,
				726DA7BE2730487700D60F7E /* ViewController.swift */,
				726DA7C02730487700D60F7E /* Main.storyboard */,
				726DA7C32730487900D60F7E /* Assets.xcassets */,
				726DA7C52730487900D60F7E /* LaunchScreen.storyboard */,
				726DA7C82730487900D60F7E /* Info.plist */,
				726DA82C2730FD2100D60F7E /* db.db */,
				726DA8262730E9A900D60F7E /* DB.swift */,
				726DA8282730EA3400D60F7E /* EmptyProfileViewController.swift */,
				726DA82A2730EC0400D60F7E /* PairsViewController.swift */,
				726DA82E2730FD5C00D60F7E /* TopicsViewController.swift */,
			);
			path = Sqlite;
			sourceTree = "<group>";
		};
/* End PBXGroup section */

/* Begin PBXNativeTarget section */
		726DA7B62730487700D60F7E /* Sqlite */ = {
			isa = PBXNativeTarget;
			buildConfigurationList = 726DA7CB2730487900D60F7E /* Build configuration list for PBXNativeTarget "Sqlite" */;
			buildPhases = (
				726DA7B32730487700D60F7E /* Sources */,
				726DA7B42730487700D60F7E /* Frameworks */,
				726DA7B52730487700D60F7E /* Resources */,
			);
			buildRules = (
			);
			dependencies = (
			);
			name = Sqlite;
			productName = Sqlite;
			productReference = 726DA7B72730487700D60F7E /* Sqlite.app */;
			productType = "com.apple.product-type.application";
		};
/* End PBXNativeTarget section */

/* Begin PBXProject section */
		726DA7AF2730487700D60F7E /* Project object */ = {
			isa = PBXProject;
			attributes = {
				BuildIndependentTargetsInParallel = 1;
				LastSwiftUpdateCheck = 1300;
				LastUpgradeCheck = 1300;
				TargetAttributes = {
					726DA7B62730487700D60F7E = {
						CreatedOnToolsVersion = 13.0;
					};
				};
			};
			buildConfigurationList = 726DA7B22730487700D60F7E /* Build configuration list for PBXProject "Sqlite" */;
			compatibilityVersion = "Xcode 13.0";
			developmentRegion = en;
			hasScannedForEncodings = 0;
			knownRegions = (
				en,
				Base,
			);
			mainGroup = 726DA7AE2730487700D60F7E;
			productRefGroup = 726DA7B82730487700D60F7E /* Products */;
			projectDirPath = "";
			projectRoot = "";
			targets = (
				726DA7B62730487700D60F7E /* Sqlite */,
			);
		};
/* End PBXProject section */

/* Begin PBXResourcesBuildPhase section */
		726DA7B52730487700D60F7E /* Resources */ = {
			isa = PBXResourcesBuildPhase;
			buildActionMask = 2147483647;
			files = (
				726DA7C72730487900D60F7E /* LaunchScreen.storyboard in Resources */,
				726DA82D2730FD2100D60F7E /* db.db in Resources */,
				726DA7C42730487900D60F7E /* Assets.xcassets in Resources */,
				726DA7C22730487700D60F7E /* Main.storyboard in Resources */,
			);
			runOnlyForDeploymentPostprocessing = 0;
		};
/* End PBXResourcesBuildPhase section */

/* Begin PBXSourcesBuildPhase section */
		726DA7B32730487700D60F7E /* Sources */ = {
			isa = PBXSourcesBuildPhase;
			buildActionMask = 2147483647;
			files = (
				726DA82F2730FD5C00D60F7E /* TopicsViewController.swift in Sources */,
				726DA8292730EA3400D60F7E /* EmptyProfileViewController.swift in Sources */,
				726DA7BF2730487700D60F7E /* ViewController.swift in Sources */,
				726DA8272730E9A900D60F7E /* DB.swift in Sources */,
				726DA7BB2730487700D60F7E /* AppDelegate.swift in Sources */,
				726DA82B2730EC0400D60F7E /* PairsViewController.swift in Sources */,
				726DA7BD2730487700D60F7E /* SceneDelegate.swift in Sources */,
			);
			runOnlyForDeploymentPostprocessing = 0;
		};
/* End PBXSourcesBuildPhase section */

/* Begin PBXVariantGroup section */
		726DA7C02730487700D60F7E /* Main.storyboard */ = {
			isa = PBXVariantGroup;
			children = (
				726DA7C12730487700D60F7E /* Base */,
			);
			name = Main.storyboard;
			sourceTree = "<group>";
		};
		726DA7C52730487900D60F7E /* LaunchScreen.storyboard */ = {
			isa = PBXVariantGroup;
			children = (
				726DA7C62730487900D60F7E /* Base */,
			);
			name = LaunchScreen.storyboard;
			sourceTree = "<group>";
		};
/* End PBXVariantGroup section */

/* Begin XCBuildConfiguration section */
		726DA7C92730487900D60F7E /* Debug */ = {
			isa = XCBuildConfiguration;
			buildSettings = {
				ALWAYS_SEARCH_USER_PATHS = NO;
				CLANG_ANALYZER_NONNULL = YES;
				CLANG_ANALYZER_NUMBER_OBJECT_CONVERSION = YES_AGGRESSIVE;
				CLANG_CXX_LANGUAGE_STANDARD = "gnu++17";
				CLANG_CXX_LIBRARY = "libc++";
				CLANG_ENABLE_MODULES = YES;
				CLANG_ENABLE_OBJC_ARC = YES;
				CLANG_ENABLE_OBJC_WEAK = YES;
				CLANG_WARN_BLOCK_CAPTURE_AUTORELEASING = YES;
				CLANG_WARN_BOOL_CONVERSION = YES;
				CLANG_WARN_COMMA = YES;
				CLANG_WARN_CONSTANT_CONVERSION = YES;
				CLANG_WARN_DEPRECATED_OBJC_IMPLEMENTATIONS = YES;
				CLANG_WARN_DIRECT_OBJC_ISA_USAGE = YES_ERROR;
				CLANG_WARN_DOCUMENTATION_COMMENTS = YES;
				CLANG_WARN_EMPTY_BODY = YES;
				CLANG_WARN_ENUM_CONVERSION = YES;
				CLANG_WARN_INFINITE_RECURSION = YES;
				CLANG_WARN_INT_CONVERSION = YES;
				CLANG_WARN_NON_LITERAL_NULL_CONVERSION = YES;
				CLANG_WARN_OBJC_IMPLICIT_RETAIN_SELF = YES;
				CLANG_WARN_OBJC_LITERAL_CONVERSION = YES;
				CLANG_WARN_OBJC_ROOT_CLASS = YES_ERROR;
				CLANG_WARN_QUOTED_INCLUDE_IN_FRAMEWORK_HEADER = YES;
				CLANG_WARN_RANGE_LOOP_ANALYSIS = YES;
				CLANG_WARN_STRICT_PROTOTYPES = YES;
				CLANG_WARN_SUSPICIOUS_MOVE = YES;
				CLANG_WARN_UNGUARDED_AVAILABILITY = YES_AGGRESSIVE;
				CLANG_WARN_UNREACHABLE_CODE = YES;
				CLANG_WARN__DUPLICATE_METHOD_MATCH = YES;
				COPY_PHASE_STRIP = NO;
				DEBUG_INFORMATION_FORMAT = dwarf;
				ENABLE_STRICT_OBJC_MSGSEND = YES;
				ENABLE_TESTABILITY = YES;
				GCC_C_LANGUAGE_STANDARD = gnu11;
				GCC_DYNAMIC_NO_PIC = NO;
				GCC_NO_COMMON_BLOCKS = YES;
				GCC_OPTIMIZATION_LEVEL = 0;
				GCC_PREPROCESSOR_DEFINITIONS = (
					"DEBUG=1",
					"$(inherited)",
				);
				GCC_WARN_64_TO_32_BIT_CONVERSION = YES;
				GCC_WARN_ABOUT_RETURN_TYPE = YES_ERROR;
				GCC_WARN_UNDECLARED_SELECTOR = YES;
				GCC_WARN_UNINITIALIZED_AUTOS = YES_AGGRESSIVE;
				GCC_WARN_UNUSED_FUNCTION = YES;
				GCC_WARN_UNUSED_VARIABLE = YES;
				IPHONEOS_DEPLOYMENT_TARGET = 15.0;
				MTL_ENABLE_DEBUG_INFO = INCLUDE_SOURCE;
				MTL_FAST_MATH = YES;
				ONLY_ACTIVE_ARCH = YES;
				SDKROOT = iphoneos;
				SWIFT_ACTIVE_COMPILATION_CONDITIONS = DEBUG;
				SWIFT_OPTIMIZATION_LEVEL = "-Onone";
			};
			name = Debug;
		};
		726DA7CA2730487900D60F7E /* Release */ = {
			isa = XCBuildConfiguration;
			buildSettings = {
				ALWAYS_SEARCH_USER_PATHS = NO;
				CLANG_ANALYZER_NONNULL = YES;
				CLANG_ANALYZER_NUMBER_OBJECT_CONVERSION = YES_AGGRESSIVE;
				CLANG_CXX_LANGUAGE_STANDARD = "gnu++17";
				CLANG_CXX_LIBRARY = "libc++";
				CLANG_ENABLE_MODULES = YES;
				CLANG_ENABLE_OBJC_ARC = YES;
				CLANG_ENABLE_OBJC_WEAK = YES;
				CLANG_WARN_BLOCK_CAPTURE_AUTORELEASING = YES;
				CLANG_WARN_BOOL_CONVERSION = YES;
				CLANG_WARN_COMMA = YES;
				CLANG_WARN_CONSTANT_CONVERSION = YES;
				CLANG_WARN_DEPRECATED_OBJC_IMPLEMENTATIONS = YES;
				CLANG_WARN_DIRECT_OBJC_ISA_USAGE = YES_ERROR;
				CLANG_WARN_DOCUMENTATION_COMMENTS = YES;
				CLANG_WARN_EMPTY_BODY = YES;
				CLANG_WARN_ENUM_CONVERSION = YES;
				CLANG_WARN_INFINITE_RECURSION = YES;
				CLANG_WARN_INT_CONVERSION = YES;
				CLANG_WARN_NON_LITERAL_NULL_CONVERSION = YES;
				CLANG_WARN_OBJC_IMPLICIT_RETAIN_SELF = YES;
				CLANG_WARN_OBJC_LITERAL_CONVERSION = YES;
				CLANG_WARN_OBJC_ROOT_CLASS = YES_ERROR;
				CLANG_WARN_QUOTED_INCLUDE_IN_FRAMEWORK_HEADER = YES;
				CLANG_WARN_RANGE_LOOP_ANALYSIS = YES;
				CLANG_WARN_STRICT_PROTOTYPES = YES;
				CLANG_WARN_SUSPICIOUS_MOVE = YES;
				CLANG_WARN_UNGUARDED_AVAILABILITY = YES_AGGRESSIVE;
				CLANG_WARN_UNREACHABLE_CODE = YES;
				CLANG_WARN__DUPLICATE_METHOD_MATCH = YES;
				COPY_PHASE_STRIP = NO;
				DEBUG_INFORMATION_FORMAT = "dwarf-with-dsym";
				ENABLE_NS_ASSERTIONS = NO;
				ENABLE_STRICT_OBJC_MSGSEND = YES;
				GCC_C_LANGUAGE_STANDARD = gnu11;
				GCC_NO_COMMON_BLOCKS = YES;
				GCC_WARN_64_TO_32_BIT_CONVERSION = YES;
				GCC_WARN_ABOUT_RETURN_TYPE = YES_ERROR;
				GCC_WARN_UNDECLARED_SELECTOR = YES;
				GCC_WARN_UNINITIALIZED_AUTOS = YES_AGGRESSIVE;
				GCC_WARN_UNUSED_FUNCTION = YES;
				GCC_WARN_UNUSED_VARIABLE = YES;
				IPHONEOS_DEPLOYMENT_TARGET = 15.0;
				MTL_ENABLE_DEBUG_INFO = NO;
				MTL_FAST_MATH = YES;
				SDKROOT = iphoneos;
				SWIFT_COMPILATION_MODE = wholemodule;
				SWIFT_OPTIMIZATION_LEVEL = "-O";
				VALIDATE_PRODUCT = YES;
			};
			name = Release;
		};
		726DA7CC2730487900D60F7E /* Debug */ = {
			isa = XCBuildConfiguration;
			buildSettings = {
				ASSETCATALOG_COMPILER_APPICON_NAME = AppIcon;
				ASSETCATALOG_COMPILER_GLOBAL_ACCENT_COLOR_NAME = AccentColor;
				CODE_SIGN_STYLE = Automatic;
				CURRENT_PROJECT_VERSION = 1;
				DEVELOPMENT_TEAM = T5T228SHK5;
				GENERATE_INFOPLIST_FILE = YES;
				INFOPLIST_FILE = Sqlite/Info.plist;
				INFOPLIST_KEY_UIApplicationSupportsIndirectInputEvents = YES;
				INFOPLIST_KEY_UILaunchStoryboardName = LaunchScreen;
				INFOPLIST_KEY_UIMainStoryboardFile = Main;
				INFOPLIST_KEY_UISupportedInterfaceOrientations_iPad = "UIInterfaceOrientationPortrait UIInterfaceOrientationPortraitUpsideDown UIInterfaceOrientationLandscapeLeft UIInterfaceOrientationLandscapeRight";
				INFOPLIST_KEY_UISupportedInterfaceOrientations_iPhone = "UIInterfaceOrientationPortrait UIInterfaceOrientationLandscapeLeft UIInterfaceOrientationLandscapeRight";
				LD_RUNPATH_SEARCH_PATHS = (
					"$(inherited)",
					"@executable_path/Frameworks",
				);
				MARKETING_VERSION = 1.0;
				PRODUCT_BUNDLE_IDENTIFIER = com.tsustudy.Sqlite;
				PRODUCT_NAME = "$(TARGET_NAME)";
				SWIFT_EMIT_LOC_STRINGS = YES;
				SWIFT_VERSION = 5.0;
				TARGETED_DEVICE_FAMILY = "1,2";
			};
			name = Debug;
		};
		726DA7CD2730487900D60F7E /* Release */ = {
			isa = XCBuildConfiguration;
			buildSettings = {
				ASSETCATALOG_COMPILER_APPICON_NAME = AppIcon;
				ASSETCATALOG_COMPILER_GLOBAL_ACCENT_COLOR_NAME = AccentColor;
				CODE_SIGN_STYLE = Automatic;
				CURRENT_PROJECT_VERSION = 1;
				DEVELOPMENT_TEAM = T5T228SHK5;
				GENERATE_INFOPLIST_FILE = YES;
				INFOPLIST_FILE = Sqlite/Info.plist;
				INFOPLIST_KEY_UIApplicationSupportsIndirectInputEvents = YES;
				INFOPLIST_KEY_UILaunchStoryboardName = LaunchScreen;
				INFOPLIST_KEY_UIMainStoryboardFile = Main;
				INFOPLIST_KEY_UISupportedInterfaceOrientations_iPad = "UIInterfaceOrientationPortrait UIInterfaceOrientationPortraitUpsideDown UIInterfaceOrientationLandscapeLeft UIInterfaceOrientationLandscapeRight";
				INFOPLIST_KEY_UISupportedInterfaceOrientations_iPhone = "UIInterfaceOrientationPortrait UIInterfaceOrientationLandscapeLeft UIInterfaceOrientationLandscapeRight";
				LD_RUNPATH_SEARCH_PATHS = (
					"$(inherited)",
					"@executable_path/Frameworks",
				);
				MARKETING_VERSION = 1.0;
				PRODUCT_BUNDLE_IDENTIFIER = com.tsustudy.Sqlite;
				PRODUCT_NAME = "$(TARGET_NAME)";
				SWIFT_EMIT_LOC_STRINGS = YES;
				SWIFT_VERSION = 5.0;
				TARGETED_DEVICE_FAMILY = "1,2";
			};
			name = Release;
		};
/* End XCBuildConfiguration section */

/* Begin XCConfigurationList section */
		726DA7B22730487700D60F7E /* Build configuration list for PBXProject "Sqlite" */ = {
			isa = XCConfigurationList;
			buildConfigurations = (
				726DA7C92730487900D60F7E /* Debug */,
				726DA7CA2730487900D60F7E /* Release */,
			);
			defaultConfigurationIsVisible = 0;
			defaultConfigurationName = Release;
		};
		726DA7CB2730487900D60F7E /* Build configuration list for PBXNativeTarget "Sqlite" */ = {
			isa = XCConfigurationList;
			buildConfigurations = (
				726DA7CC2730487900D60F7E /* Debug */,
				726DA7CD2730487900D60F7E /* Release */,
			);
			defaultConfigurationIsVisible = 0;
			defaultConfigurationName = Release;
		};
/* End XCConfigurationList section */
	};
	rootObject = 726DA7AF2730487700D60F7E /* Project object */;
}
